{
  "name": "@effector-kit/models",
  "version": "0.16.0",
  "lockfileVersion": 3,
  "requires": true,
  "packages": {
    "": {
      "name": "@effector-kit/models",
      "version": "0.16.0",
      "license": "MIT",
      "dependencies": {
        "effector-action": "^1.2.2"
      },
      "devDependencies": {
        "effector": "23.4.4"
      },
      "peerDependencies": {
        "effector": ">=23.4.4"
      }
    },
    "../../node_modules/.pnpm/effector@23.4.4/node_modules/effector": {
      "version": "23.4.4",
      "funding": [
        {
          "type": "patreon",
          "url": "https://www.patreon.com/zero_bias"
        },
        {
          "type": "opencollective",
          "url": "https://opencollective.com/effector"
        }
      ],
      "license": "MIT",
      "devDependencies": {},
      "engines": {
        "node": ">=11.0.0"
      }
    },
    "node_modules/effector": {
      "resolved": "../../node_modules/.pnpm/effector@23.4.4/node_modules/effector",
      "link": true
    },
    "node_modules/effector-action": {
      "version": "1.2.2",
      "resolved": "https://registry.npmjs.org/effector-action/-/effector-action-1.2.2.tgz",
      "integrity": "sha512-gX1MeRoLJawqzvQWSxHio87sEoORm23kV5+gBTzpQDLnZcgc5GUOiPNpiSpgBMFRRhSyi1d5ggh7bH+UYWlQcQ==",
      "peerDependencies": {
        "effector": ">=23",
        "patronum": ">=2.1.0"
      }
    },
    "node_modules/patronum": {
      "version": "2.3.0",
      "resolved": "https://registry.npmjs.org/patronum/-/patronum-2.3.0.tgz",
      "integrity": "sha512-BfKIOpoymVz6XnkOn8Fi5QZ1a3r/3lXdd8BcdHmYDbIXPTIRnD1EPFBFev/DheWnOge6/ZswEqgNF2ANLGOxLw==",
      "license": "MIT",
      "peer": true,
      "peerDependencies": {
        "effector": "^23"
      }
    }
  }
}
